
Microsoft Visual Studio Solution File, Format Version 12.00
# Visual Studio 2013
VisualStudioVersion = 12.0.31010.0
MinimumVisualStudioVersion = 10.0.40219.1
Project("{8BC9CEB8-8B4A-11D0-8D11-00A0C91BC942}") = "lol.updater", "lol.updater.vcxproj", "{A6E09929-EE60-41D3-B3A6-E1F2F92C9574}"
EndProject
Project("{8BC9CEB8-8B4A-11D0-8D11-00A0C91BC942}") = "tbb", "tbb43_20141009oss\build\vs2010\tbb.vcxproj", "{F62787DD-1327-448B-9818-030062BCFAA5}"
EndProject
Global
	GlobalSection(SolutionConfigurationPlatforms) = preSolution
		Debug|Win32 = Debug|Win32
		Debug-MT|Win32 = Debug-MT|Win32
		Release|Win32 = Release|Win32
		Release-MT|Win32 = Release-MT|Win32
		Release-MT-XP|Win32 = Release-MT-XP|Win32
		Release-XP|Win32 = Release-XP|Win32
	EndGlobalSection
	GlobalSection(ProjectConfigurationPlatforms) = postSolution
		{A6E09929-EE60-41D3-B3A6-E1F2F92C9574}.Debug|Win32.ActiveCfg = Debug|Win32
		{A6E09929-EE60-41D3-B3A6-E1F2F92C9574}.Debug|Win32.Build.0 = Debug|Win32
		{A6E09929-EE60-41D3-B3A6-E1F2F92C9574}.Debug-MT|Win32.ActiveCfg = Debug|Win32
		{A6E09929-EE60-41D3-B3A6-E1F2F92C9574}.Debug-MT|Win32.Build.0 = Debug|Win32
		{A6E09929-EE60-41D3-B3A6-E1F2F92C9574}.Release|Win32.ActiveCfg = Release|Win32
		{A6E09929-EE60-41D3-B3A6-E1F2F92C9574}.Release|Win32.Build.0 = Release|Win32
		{A6E09929-EE60-41D3-B3A6-E1F2F92C9574}.Release-MT|Win32.ActiveCfg = Release-XP|Win32
		{A6E09929-EE60-41D3-B3A6-E1F2F92C9574}.Release-MT|Win32.Build.0 = Release-XP|Win32
		{A6E09929-EE60-41D3-B3A6-E1F2F92C9574}.Release-MT-XP|Win32.ActiveCfg = Release-MT-XP|Win32
		{A6E09929-EE60-41D3-B3A6-E1F2F92C9574}.Release-MT-XP|Win32.Build.0 = Release-MT-XP|Win32
		{A6E09929-EE60-41D3-B3A6-E1F2F92C9574}.Release-XP|Win32.ActiveCfg = Release-XP|Win32
		{A6E09929-EE60-41D3-B3A6-E1F2F92C9574}.Release-XP|Win32.Build.0 = Release-XP|Win32
		{F62787DD-1327-448B-9818-030062BCFAA5}.Debug|Win32.ActiveCfg = Release-MT|Win32
		{F62787DD-1327-448B-9818-030062BCFAA5}.Debug|Win32.Build.0 = Release-MT|Win32
		{F62787DD-1327-448B-9818-030062BCFAA5}.Debug-MT|Win32.ActiveCfg = Release-MT|Win32
		{F62787DD-1327-448B-9818-030062BCFAA5}.Debug-MT|Win32.Build.0 = Release-MT|Win32
		{F62787DD-1327-448B-9818-030062BCFAA5}.Release|Win32.ActiveCfg = Release-MT|Win32
		{F62787DD-1327-448B-9818-030062BCFAA5}.Release|Win32.Build.0 = Release-MT|Win32
		{F62787DD-1327-448B-9818-030062BCFAA5}.Release-MT|Win32.ActiveCfg = Release-MT|Win32
		{F62787DD-1327-448B-9818-030062BCFAA5}.Release-MT-XP|Win32.ActiveCfg = Release-MT-XP|Win32
		{F62787DD-1327-448B-9818-030062BCFAA5}.Release-XP|Win32.ActiveCfg = Release-MT|Win32
		{F62787DD-1327-448B-9818-030062BCFAA5}.Release-XP|Win32.Build.0 = Release-MT|Win32
	EndGlobalSection
	GlobalSection(SolutionProperties) = preSolution
		HideSolutionNode = FALSE
	EndGlobalSection
EndGlobal
