
Microsoft Visual Studio Solution File, Format Version 12.00
# Visual Studio 2013
VisualStudioVersion = 12.0.30723.0
MinimumVisualStudioVersion = 10.0.40219.1
Project("{FAE04EC0-301F-11D3-BF4B-00C04F79EFBC}") = "LoLUpdater", "LoLUpdater.csproj", "{3A989472-219D-4231-95DA-3718BA16CC66}"
EndProject
Project("{FAE04EC0-301F-11D3-BF4B-00C04F79EFBC}") = "Updater", "Updater\Updater.csproj", "{78A06910-1572-4580-AC79-EBD3606739DC}"
EndProject
Project("{FAE04EC0-301F-11D3-BF4B-00C04F79EFBC}") = "DLL", "DLL\DLL.csproj", "{367BD24B-58AC-41B2-AA44-90E9CCEE8EB4}"
EndProject
Project("{FAE04EC0-301F-11D3-BF4B-00C04F79EFBC}") = "Installer", "Installer\Installer.csproj", "{5062E77A-48B2-4DF5-A476-DCFA33FA3550}"
EndProject
Global
	GlobalSection(SolutionConfigurationPlatforms) = preSolution
		Debug|Any CPU = Debug|Any CPU
		Debug-MT|Any CPU = Debug-MT|Any CPU
		Release|Any CPU = Release|Any CPU
		Release-MT|Any CPU = Release-MT|Any CPU
	EndGlobalSection
	GlobalSection(ProjectConfigurationPlatforms) = postSolution
		{3A989472-219D-4231-95DA-3718BA16CC66}.Debug|Any CPU.ActiveCfg = Debug|Any CPU
		{3A989472-219D-4231-95DA-3718BA16CC66}.Debug|Any CPU.Build.0 = Debug|Any CPU
		{3A989472-219D-4231-95DA-3718BA16CC66}.Debug-MT|Any CPU.ActiveCfg = Debug|Any CPU
		{3A989472-219D-4231-95DA-3718BA16CC66}.Debug-MT|Any CPU.Build.0 = Debug|Any CPU
		{3A989472-219D-4231-95DA-3718BA16CC66}.Release|Any CPU.ActiveCfg = Release|Any CPU
		{3A989472-219D-4231-95DA-3718BA16CC66}.Release|Any CPU.Build.0 = Release|Any CPU
		{3A989472-219D-4231-95DA-3718BA16CC66}.Release-MT|Any CPU.ActiveCfg = Release|Any CPU
		{3A989472-219D-4231-95DA-3718BA16CC66}.Release-MT|Any CPU.Build.0 = Release|Any CPU
		{78A06910-1572-4580-AC79-EBD3606739DC}.Debug|Any CPU.ActiveCfg = Debug|Any CPU
		{78A06910-1572-4580-AC79-EBD3606739DC}.Debug|Any CPU.Build.0 = Debug|Any CPU
		{78A06910-1572-4580-AC79-EBD3606739DC}.Debug-MT|Any CPU.ActiveCfg = Debug|Any CPU
		{78A06910-1572-4580-AC79-EBD3606739DC}.Debug-MT|Any CPU.Build.0 = Debug|Any CPU
		{78A06910-1572-4580-AC79-EBD3606739DC}.Release|Any CPU.ActiveCfg = Release|Any CPU
		{78A06910-1572-4580-AC79-EBD3606739DC}.Release|Any CPU.Build.0 = Release|Any CPU
		{78A06910-1572-4580-AC79-EBD3606739DC}.Release-MT|Any CPU.ActiveCfg = Release|Any CPU
		{78A06910-1572-4580-AC79-EBD3606739DC}.Release-MT|Any CPU.Build.0 = Release|Any CPU
		{367BD24B-58AC-41B2-AA44-90E9CCEE8EB4}.Debug|Any CPU.ActiveCfg = Debug|Any CPU
		{367BD24B-58AC-41B2-AA44-90E9CCEE8EB4}.Debug|Any CPU.Build.0 = Debug|Any CPU
		{367BD24B-58AC-41B2-AA44-90E9CCEE8EB4}.Debug-MT|Any CPU.ActiveCfg = Debug|Any CPU
		{367BD24B-58AC-41B2-AA44-90E9CCEE8EB4}.Debug-MT|Any CPU.Build.0 = Debug|Any CPU
		{367BD24B-58AC-41B2-AA44-90E9CCEE8EB4}.Release|Any CPU.ActiveCfg = Release|Any CPU
		{367BD24B-58AC-41B2-AA44-90E9CCEE8EB4}.Release|Any CPU.Build.0 = Release|Any CPU
		{367BD24B-58AC-41B2-AA44-90E9CCEE8EB4}.Release-MT|Any CPU.ActiveCfg = Release|Any CPU
		{367BD24B-58AC-41B2-AA44-90E9CCEE8EB4}.Release-MT|Any CPU.Build.0 = Release|Any CPU
		{5062E77A-48B2-4DF5-A476-DCFA33FA3550}.Debug|Any CPU.ActiveCfg = Debug|Any CPU
		{5062E77A-48B2-4DF5-A476-DCFA33FA3550}.Debug|Any CPU.Build.0 = Debug|Any CPU
		{5062E77A-48B2-4DF5-A476-DCFA33FA3550}.Debug-MT|Any CPU.ActiveCfg = Debug|Any CPU
		{5062E77A-48B2-4DF5-A476-DCFA33FA3550}.Debug-MT|Any CPU.Build.0 = Debug|Any CPU
		{5062E77A-48B2-4DF5-A476-DCFA33FA3550}.Release|Any CPU.ActiveCfg = Release|Any CPU
		{5062E77A-48B2-4DF5-A476-DCFA33FA3550}.Release|Any CPU.Build.0 = Release|Any CPU
		{5062E77A-48B2-4DF5-A476-DCFA33FA3550}.Release-MT|Any CPU.ActiveCfg = Release|Any CPU
		{5062E77A-48B2-4DF5-A476-DCFA33FA3550}.Release-MT|Any CPU.Build.0 = Release|Any CPU
	EndGlobalSection
	GlobalSection(SolutionProperties) = preSolution
		HideSolutionNode = FALSE
	EndGlobalSection
EndGlobal
